
Microsoft Visual Studio Solution File, Format Version 12.00
# Visual Studio 15
VisualStudioVersion = 15.0.27703.2042
MinimumVisualStudioVersion = 10.0.40219.1
Project("{FAE04EC0-301F-11D3-BF4B-00C04F79EFBC}") = "SnackMachine.Logic", "src\SnackMachine.Logic\SnackMachine.Logic.csproj", "{9F4C547F-A8DB-4DB4-A9D2-0BCDEA14D936}"
EndProject
Project("{00D1A9C2-B5F0-4AF3-8072-F6C62B433612}") = "SnackMachine.Database", "src\SnackMachine.Database\SnackMachine.Database.sqlproj", "{44B19841-1606-43A4-9601-037BD570C27B}"
EndProject
Project("{FAE04EC0-301F-11D3-BF4B-00C04F79EFBC}") = "SnackMachine.UI", "src\SnackMachine.UI\SnackMachine.UI.csproj", "{48B8C147-8466-4227-B28C-9C24974DFA2B}"
EndProject
Project("{FAE04EC0-301F-11D3-BF4B-00C04F79EFBC}") = "SnackMachine.Tests", "test\SnackMachine.Tests\SnackMachine.Tests.csproj", "{6917865F-E8F6-44F1-B48A-9A3F18FB8094}"
EndProject
Project("{2150E333-8FDC-42A3-9474-1A3956D46DE8}") = "Application", "Application", "{9CA525CD-6E5B-44B5-9594-27922AAA67FD}"
EndProject
Project("{2150E333-8FDC-42A3-9474-1A3956D46DE8}") = "Database", "Database", "{0895CAED-2980-4514-9D88-72C6C39827BA}"
EndProject
Project("{2150E333-8FDC-42A3-9474-1A3956D46DE8}") = "Tests", "Tests", "{CE6C4CFF-FA04-437D-9984-36810DCB717E}"
EndProject
Global
	GlobalSection(SolutionConfigurationPlatforms) = preSolution
		Debug|Any CPU = Debug|Any CPU
		Release|Any CPU = Release|Any CPU
	EndGlobalSection
	GlobalSection(ProjectConfigurationPlatforms) = postSolution
		{9F4C547F-A8DB-4DB4-A9D2-0BCDEA14D936}.Debug|Any CPU.ActiveCfg = Debug|Any CPU
		{9F4C547F-A8DB-4DB4-A9D2-0BCDEA14D936}.Debug|Any CPU.Build.0 = Debug|Any CPU
		{9F4C547F-A8DB-4DB4-A9D2-0BCDEA14D936}.Release|Any CPU.ActiveCfg = Release|Any CPU
		{9F4C547F-A8DB-4DB4-A9D2-0BCDEA14D936}.Release|Any CPU.Build.0 = Release|Any CPU
		{44B19841-1606-43A4-9601-037BD570C27B}.Debug|Any CPU.ActiveCfg = Debug|Any CPU
		{44B19841-1606-43A4-9601-037BD570C27B}.Debug|Any CPU.Build.0 = Debug|Any CPU
		{44B19841-1606-43A4-9601-037BD570C27B}.Debug|Any CPU.Deploy.0 = Debug|Any CPU
		{44B19841-1606-43A4-9601-037BD570C27B}.Release|Any CPU.ActiveCfg = Release|Any CPU
		{44B19841-1606-43A4-9601-037BD570C27B}.Release|Any CPU.Build.0 = Release|Any CPU
		{44B19841-1606-43A4-9601-037BD570C27B}.Release|Any CPU.Deploy.0 = Release|Any CPU
		{48B8C147-8466-4227-B28C-9C24974DFA2B}.Debug|Any CPU.ActiveCfg = Debug|Any CPU
		{48B8C147-8466-4227-B28C-9C24974DFA2B}.Debug|Any CPU.Build.0 = Debug|Any CPU
		{48B8C147-8466-4227-B28C-9C24974DFA2B}.Release|Any CPU.ActiveCfg = Release|Any CPU
		{48B8C147-8466-4227-B28C-9C24974DFA2B}.Release|Any CPU.Build.0 = Release|Any CPU
		{6917865F-E8F6-44F1-B48A-9A3F18FB8094}.Debug|Any CPU.ActiveCfg = Debug|Any CPU
		{6917865F-E8F6-44F1-B48A-9A3F18FB8094}.Debug|Any CPU.Build.0 = Debug|Any CPU
		{6917865F-E8F6-44F1-B48A-9A3F18FB8094}.Release|Any CPU.ActiveCfg = Release|Any CPU
		{6917865F-E8F6-44F1-B48A-9A3F18FB8094}.Release|Any CPU.Build.0 = Release|Any CPU
	EndGlobalSection
	GlobalSection(SolutionProperties) = preSolution
		HideSolutionNode = FALSE
	EndGlobalSection
	GlobalSection(NestedProjects) = preSolution
		{9F4C547F-A8DB-4DB4-A9D2-0BCDEA14D936} = {9CA525CD-6E5B-44B5-9594-27922AAA67FD}
		{44B19841-1606-43A4-9601-037BD570C27B} = {0895CAED-2980-4514-9D88-72C6C39827BA}
		{48B8C147-8466-4227-B28C-9C24974DFA2B} = {9CA525CD-6E5B-44B5-9594-27922AAA67FD}
		{6917865F-E8F6-44F1-B48A-9A3F18FB8094} = {CE6C4CFF-FA04-437D-9984-36810DCB717E}
	EndGlobalSection
	GlobalSection(ExtensibilityGlobals) = postSolution
		SolutionGuid = {3A16CA3E-EDA9-4600-B95E-711AC5A06D17}
	EndGlobalSection
EndGlobal
